// !$*UTF8*$!
{
	archiveVersion = 1;
	classes = {
	};
	objectVersion = 46;
	objects = {

/* Begin PBXBuildFile section */
		8E05CD4F1D9B07CA006837A5 /* TwitterWrapper.swift in Sources */ = {isa = PBXBuildFile; fileRef = 8E05CD4E1D9B07CA006837A5 /* TwitterWrapper.swift */; };
		8E1273941D9D9FD100312789 /* Fabric.framework in Frameworks */ = {isa = PBXBuildFile; fileRef = 8E1273901D9D9FD100312789 /* Fabric.framework */; };
		8E1273951D9D9FD100312789 /* TwitterKit.framework in Frameworks */ = {isa = PBXBuildFile; fileRef = 8E1273911D9D9FD100312789 /* TwitterKit.framework */; };
		8E1273961D9D9FD100312789 /* TwitterKitResources.bundle in Resources */ = {isa = PBXBuildFile; fileRef = 8E1273921D9D9FD100312789 /* TwitterKitResources.bundle */; };
		8E1273971D9D9FD100312789 /* TwitterCore.framework in Frameworks */ = {isa = PBXBuildFile; fileRef = 8E1273931D9D9FD100312789 /* TwitterCore.framework */; };
		8E2944C51DB009270006AD6F /* InstaWrapper.swift in Sources */ = {isa = PBXBuildFile; fileRef = 8E2944C41DB009270006AD6F /* InstaWrapper.swift */; };
		8EA6E18B1DB6B1220016C923 /* SpotifyWrapper.swift in Sources */ = {isa = PBXBuildFile; fileRef = 8EA6E18A1DB6B1220016C923 /* SpotifyWrapper.swift */; };
		BF0D7DB51D9AF122005CECEF /* LoginViewController.swift in Sources */ = {isa = PBXBuildFile; fileRef = BF0D7DB41D9AF122005CECEF /* LoginViewController.swift */; };
		BF220B7F1D9ECB2800CCFE4D /* MetaSession.swift in Sources */ = {isa = PBXBuildFile; fileRef = BF220B7E1D9ECB2800CCFE4D /* MetaSession.swift */; };
		BF2BC8991DD503F3005E4DE0 /* FriendsViewController.swift in Sources */ = {isa = PBXBuildFile; fileRef = BF2BC8981DD503F3005E4DE0 /* FriendsViewController.swift */; };
		BF2BC89B1DD5087B005E4DE0 /* FriendCell.swift in Sources */ = {isa = PBXBuildFile; fileRef = BF2BC89A1DD5087B005E4DE0 /* FriendCell.swift */; };
		BF2BC89D1DD50B52005E4DE0 /* Friends.swift in Sources */ = {isa = PBXBuildFile; fileRef = BF2BC89C1DD50B52005E4DE0 /* Friends.swift */; };
		BF3B2A061DD0F0BA00C73FAE /* BefriendLoginViewController.swift in Sources */ = {isa = PBXBuildFile; fileRef = BF3B2A051DD0F0BA00C73FAE /* BefriendLoginViewController.swift */; };
		BF7E39131DD018EE00E42B1F /* MainViewController.swift in Sources */ = {isa = PBXBuildFile; fileRef = BF7E39121DD018EE00E42B1F /* MainViewController.swift */; };
		BF827C431DA3131A00E00FFF /* LinkedinWrapper.swift in Sources */ = {isa = PBXBuildFile; fileRef = BF827C421DA3131A00E00FFF /* LinkedinWrapper.swift */; };
		BF944BE01DC692F000A74D40 /* PinterestWrapper.swift in Sources */ = {isa = PBXBuildFile; fileRef = BF944BDF1DC692F000A74D40 /* PinterestWrapper.swift */; };
		BFA851631DD267BB0079BD50 /* BefriendSignupViewController.swift in Sources */ = {isa = PBXBuildFile; fileRef = BFA851621DD267BB0079BD50 /* BefriendSignupViewController.swift */; };
		BFAC8DB61D9857FE007BB807 /* FacebookWrapper.swift in Sources */ = {isa = PBXBuildFile; fileRef = BFAC8DB51D9857FE007BB807 /* FacebookWrapper.swift */; };
		BFC854601D81F6F2003E70CA /* AppDelegate.swift in Sources */ = {isa = PBXBuildFile; fileRef = BFC8545F1D81F6F2003E70CA /* AppDelegate.swift */; };
		BFC854651D81F6F2003E70CA /* Main.storyboard in Resources */ = {isa = PBXBuildFile; fileRef = BFC854631D81F6F2003E70CA /* Main.storyboard */; };
		BFC854671D81F6F2003E70CA /* Assets.xcassets in Resources */ = {isa = PBXBuildFile; fileRef = BFC854661D81F6F2003E70CA /* Assets.xcassets */; };
		BFC8546A1D81F6F2003E70CA /* LaunchScreen.storyboard in Resources */ = {isa = PBXBuildFile; fileRef = BFC854681D81F6F2003E70CA /* LaunchScreen.storyboard */; };
		BFC854751D81F6F2003E70CA /* BefriendTests.swift in Sources */ = {isa = PBXBuildFile; fileRef = BFC854741D81F6F2003E70CA /* BefriendTests.swift */; };
		BFC854801D81F6F2003E70CA /* BefriendUITests.swift in Sources */ = {isa = PBXBuildFile; fileRef = BFC8547F1D81F6F2003E70CA /* BefriendUITests.swift */; };
		BFE17B1D1D99C0080096DBFB /* FBSDKCoreKit.framework in Frameworks */ = {isa = PBXBuildFile; fileRef = BFE17B1A1D99C0080096DBFB /* FBSDKCoreKit.framework */; };
		BFE17B1E1D99C0080096DBFB /* FBSDKLoginKit.framework in Frameworks */ = {isa = PBXBuildFile; fileRef = BFE17B1B1D99C0080096DBFB /* FBSDKLoginKit.framework */; };
		BFE17B1F1D99C0080096DBFB /* FBSDKShareKit.framework in Frameworks */ = {isa = PBXBuildFile; fileRef = BFE17B1C1D99C0080096DBFB /* FBSDKShareKit.framework */; };
		BFE17B231D99CE380096DBFB /* Bolts.framework in Frameworks */ = {isa = PBXBuildFile; fileRef = BFE17B221D99CE380096DBFB /* Bolts.framework */; };
/* End PBXBuildFile section */

/* Begin PBXContainerItemProxy section */
		BFC854711D81F6F2003E70CA /* PBXContainerItemProxy */ = {
			isa = PBXContainerItemProxy;
			containerPortal = BFC854541D81F6F1003E70CA /* Project object */;
			proxyType = 1;
			remoteGlobalIDString = BFC8545B1D81F6F1003E70CA;
			remoteInfo = Befriend;
		};
		BFC8547C1D81F6F2003E70CA /* PBXContainerItemProxy */ = {
			isa = PBXContainerItemProxy;
			containerPortal = BFC854541D81F6F1003E70CA /* Project object */;
			proxyType = 1;
			remoteGlobalIDString = BFC8545B1D81F6F1003E70CA;
			remoteInfo = Befriend;
		};
		BFE5FB2D1DB41765009C5022 /* PBXContainerItemProxy */ = {
			isa = PBXContainerItemProxy;
			containerPortal = BFE83F171DB011BE00B42A61 /* OAuthSwift.xcodeproj */;
			proxyType = 1;
			remoteGlobalIDString = F43502791A6791B200038A29;
			remoteInfo = OAuthSwift;
		};
		BFE83F211DB011BF00B42A61 /* PBXContainerItemProxy */ = {
			isa = PBXContainerItemProxy;
			containerPortal = BFE83F171DB011BE00B42A61 /* OAuthSwift.xcodeproj */;
			proxyType = 2;
			remoteGlobalIDString = F435027A1A6791B200038A29;
			remoteInfo = OAuthSwift;
		};
		BFE83F231DB011BF00B42A61 /* PBXContainerItemProxy */ = {
			isa = PBXContainerItemProxy;
			containerPortal = BFE83F171DB011BE00B42A61 /* OAuthSwift.xcodeproj */;
			proxyType = 2;
			remoteGlobalIDString = F451E3C5195B8CD80051434C;
			remoteInfo = OAuthSwiftDemo;
		};
		BFE83F251DB011BF00B42A61 /* PBXContainerItemProxy */ = {
			isa = PBXContainerItemProxy;
			containerPortal = BFE83F171DB011BE00B42A61 /* OAuthSwift.xcodeproj */;
			proxyType = 2;
			remoteGlobalIDString = C48B28021AFA598D00C7DEF6;
			remoteInfo = OAuthSwiftOSX;
		};
		BFE83F271DB011BF00B42A61 /* PBXContainerItemProxy */ = {
			isa = PBXContainerItemProxy;
			containerPortal = BFE83F171DB011BE00B42A61 /* OAuthSwift.xcodeproj */;
			proxyType = 2;
			remoteGlobalIDString = C49FD5241AFB5DF500791E1A;
			remoteInfo = OAuthSwiftOSXDemo;
		};
		BFE83F291DB011BF00B42A61 /* PBXContainerItemProxy */ = {
			isa = PBXContainerItemProxy;
			containerPortal = BFE83F171DB011BE00B42A61 /* OAuthSwift.xcodeproj */;
			proxyType = 2;
			remoteGlobalIDString = C4B6EE1E1BF74CE300443596;
			remoteInfo = OAuthSwiftTVOS;
		};
		BFE83F2B1DB011BF00B42A61 /* PBXContainerItemProxy */ = {
			isa = PBXContainerItemProxy;
			containerPortal = BFE83F171DB011BE00B42A61 /* OAuthSwift.xcodeproj */;
			proxyType = 2;
			remoteGlobalIDString = C40890C01C11B37000E3146A;
			remoteInfo = OAuthSwiftWatchOS;
		};
		BFE83F2D1DB011BF00B42A61 /* PBXContainerItemProxy */ = {
			isa = PBXContainerItemProxy;
			containerPortal = BFE83F171DB011BE00B42A61 /* OAuthSwift.xcodeproj */;
			proxyType = 2;
			remoteGlobalIDString = C4D50DF71BFB693F0053B624;
			remoteInfo = OAuthSwiftTests;
		};
/* End PBXContainerItemProxy section */

/* Begin PBXFileReference section */
		8E05CD4E1D9B07CA006837A5 /* TwitterWrapper.swift */ = {isa = PBXFileReference; fileEncoding = 4; lastKnownFileType = sourcecode.swift; path = TwitterWrapper.swift; sourceTree = "<group>"; };
		8E1273901D9D9FD100312789 /* Fabric.framework */ = {isa = PBXFileReference; lastKnownFileType = wrapper.framework; path = Fabric.framework; sourceTree = "<group>"; };
		8E1273911D9D9FD100312789 /* TwitterKit.framework */ = {isa = PBXFileReference; lastKnownFileType = wrapper.framework; path = TwitterKit.framework; sourceTree = "<group>"; };
		8E1273921D9D9FD100312789 /* TwitterKitResources.bundle */ = {isa = PBXFileReference; lastKnownFileType = "wrapper.plug-in"; name = TwitterKitResources.bundle; path = TwitterKit.framework/Versions/A/Resources/TwitterKitResources.bundle; sourceTree = "<group>"; };
		8E1273931D9D9FD100312789 /* TwitterCore.framework */ = {isa = PBXFileReference; lastKnownFileType = wrapper.framework; path = TwitterCore.framework; sourceTree = "<group>"; };
		8E2944C41DB009270006AD6F /* InstaWrapper.swift */ = {isa = PBXFileReference; fileEncoding = 4; lastKnownFileType = sourcecode.swift; path = InstaWrapper.swift; sourceTree = "<group>"; };
		8EA6E18A1DB6B1220016C923 /* SpotifyWrapper.swift */ = {isa = PBXFileReference; fileEncoding = 4; lastKnownFileType = sourcecode.swift; path = SpotifyWrapper.swift; sourceTree = "<group>"; };
		BF0D7DB41D9AF122005CECEF /* LoginViewController.swift */ = {isa = PBXFileReference; fileEncoding = 4; lastKnownFileType = sourcecode.swift; path = LoginViewController.swift; sourceTree = "<group>"; };
		BF220B7E1D9ECB2800CCFE4D /* MetaSession.swift */ = {isa = PBXFileReference; fileEncoding = 4; lastKnownFileType = sourcecode.swift; path = MetaSession.swift; sourceTree = "<group>"; };
		BF2BC8981DD503F3005E4DE0 /* FriendsViewController.swift */ = {isa = PBXFileReference; fileEncoding = 4; lastKnownFileType = sourcecode.swift; path = FriendsViewController.swift; sourceTree = "<group>"; };
		BF2BC89A1DD5087B005E4DE0 /* FriendCell.swift */ = {isa = PBXFileReference; fileEncoding = 4; lastKnownFileType = sourcecode.swift; path = FriendCell.swift; sourceTree = "<group>"; };
		BF2BC89C1DD50B52005E4DE0 /* Friends.swift */ = {isa = PBXFileReference; fileEncoding = 4; lastKnownFileType = sourcecode.swift; path = Friends.swift; sourceTree = "<group>"; };
		BF3B2A051DD0F0BA00C73FAE /* BefriendLoginViewController.swift */ = {isa = PBXFileReference; fileEncoding = 4; lastKnownFileType = sourcecode.swift; path = BefriendLoginViewController.swift; sourceTree = "<group>"; };
		BF7E39121DD018EE00E42B1F /* MainViewController.swift */ = {isa = PBXFileReference; fileEncoding = 4; lastKnownFileType = sourcecode.swift; path = MainViewController.swift; sourceTree = "<group>"; };
		BF827C421DA3131A00E00FFF /* LinkedinWrapper.swift */ = {isa = PBXFileReference; fileEncoding = 4; lastKnownFileType = sourcecode.swift; path = LinkedinWrapper.swift; sourceTree = "<group>"; };
		BF944BDF1DC692F000A74D40 /* PinterestWrapper.swift */ = {isa = PBXFileReference; fileEncoding = 4; lastKnownFileType = sourcecode.swift; path = PinterestWrapper.swift; sourceTree = "<group>"; };
		BFA851621DD267BB0079BD50 /* BefriendSignupViewController.swift */ = {isa = PBXFileReference; fileEncoding = 4; lastKnownFileType = sourcecode.swift; path = BefriendSignupViewController.swift; sourceTree = "<group>"; };
		BFAC8DB51D9857FE007BB807 /* FacebookWrapper.swift */ = {isa = PBXFileReference; fileEncoding = 4; lastKnownFileType = sourcecode.swift; path = FacebookWrapper.swift; sourceTree = "<group>"; };
		BFC8545C1D81F6F1003E70CA /* Befriend.app */ = {isa = PBXFileReference; explicitFileType = wrapper.application; includeInIndex = 0; path = Befriend.app; sourceTree = BUILT_PRODUCTS_DIR; };
		BFC8545F1D81F6F2003E70CA /* AppDelegate.swift */ = {isa = PBXFileReference; lastKnownFileType = sourcecode.swift; path = AppDelegate.swift; sourceTree = "<group>"; };
		BFC854641D81F6F2003E70CA /* Base */ = {isa = PBXFileReference; lastKnownFileType = file.storyboard; name = Base; path = Base.lproj/Main.storyboard; sourceTree = "<group>"; };
		BFC854661D81F6F2003E70CA /* Assets.xcassets */ = {isa = PBXFileReference; lastKnownFileType = folder.assetcatalog; path = Assets.xcassets; sourceTree = "<group>"; };
		BFC854691D81F6F2003E70CA /* Base */ = {isa = PBXFileReference; lastKnownFileType = file.storyboard; name = Base; path = Base.lproj/LaunchScreen.storyboard; sourceTree = "<group>"; };
		BFC8546B1D81F6F2003E70CA /* Info.plist */ = {isa = PBXFileReference; lastKnownFileType = text.plist.xml; path = Info.plist; sourceTree = "<group>"; };
		BFC854701D81F6F2003E70CA /* BefriendTests.xctest */ = {isa = PBXFileReference; explicitFileType = wrapper.cfbundle; includeInIndex = 0; path = BefriendTests.xctest; sourceTree = BUILT_PRODUCTS_DIR; };
		BFC854741D81F6F2003E70CA /* BefriendTests.swift */ = {isa = PBXFileReference; lastKnownFileType = sourcecode.swift; path = BefriendTests.swift; sourceTree = "<group>"; };
		BFC854761D81F6F2003E70CA /* Info.plist */ = {isa = PBXFileReference; lastKnownFileType = text.plist.xml; path = Info.plist; sourceTree = "<group>"; };
		BFC8547B1D81F6F2003E70CA /* BefriendUITests.xctest */ = {isa = PBXFileReference; explicitFileType = wrapper.cfbundle; includeInIndex = 0; path = BefriendUITests.xctest; sourceTree = BUILT_PRODUCTS_DIR; };
		BFC8547F1D81F6F2003E70CA /* BefriendUITests.swift */ = {isa = PBXFileReference; lastKnownFileType = sourcecode.swift; path = BefriendUITests.swift; sourceTree = "<group>"; };
		BFC854811D81F6F2003E70CA /* Info.plist */ = {isa = PBXFileReference; lastKnownFileType = text.plist.xml; path = Info.plist; sourceTree = "<group>"; };
		BFE17B1A1D99C0080096DBFB /* FBSDKCoreKit.framework */ = {isa = PBXFileReference; lastKnownFileType = wrapper.framework; name = FBSDKCoreKit.framework; path = Frameworks/FBSDKCoreKit.framework; sourceTree = "<group>"; };
		BFE17B1B1D99C0080096DBFB /* FBSDKLoginKit.framework */ = {isa = PBXFileReference; lastKnownFileType = wrapper.framework; name = FBSDKLoginKit.framework; path = Frameworks/FBSDKLoginKit.framework; sourceTree = "<group>"; };
		BFE17B1C1D99C0080096DBFB /* FBSDKShareKit.framework */ = {isa = PBXFileReference; lastKnownFileType = wrapper.framework; name = FBSDKShareKit.framework; path = Frameworks/FBSDKShareKit.framework; sourceTree = "<group>"; };
		BFE17B221D99CE380096DBFB /* Bolts.framework */ = {isa = PBXFileReference; lastKnownFileType = wrapper.framework; name = Bolts.framework; path = Frameworks/Bolts.framework; sourceTree = "<group>"; };
		BFE83F171DB011BE00B42A61 /* OAuthSwift.xcodeproj */ = {isa = PBXFileReference; lastKnownFileType = "wrapper.pb-project"; name = OAuthSwift.xcodeproj; path = "OAuthSwift-master/OAuthSwift.xcodeproj"; sourceTree = SOURCE_ROOT; };
/* End PBXFileReference section */

/* Begin PBXFrameworksBuildPhase section */
		BFC854591D81F6F1003E70CA /* Frameworks */ = {
			isa = PBXFrameworksBuildPhase;
			buildActionMask = 2147483647;
			files = (
				BFE17B1E1D99C0080096DBFB /* FBSDKLoginKit.framework in Frameworks */,
				8E1273941D9D9FD100312789 /* Fabric.framework in Frameworks */,
				8E1273971D9D9FD100312789 /* TwitterCore.framework in Frameworks */,
				BFE17B1D1D99C0080096DBFB /* FBSDKCoreKit.framework in Frameworks */,
				BFE17B1F1D99C0080096DBFB /* FBSDKShareKit.framework in Frameworks */,
				BFE17B231D99CE380096DBFB /* Bolts.framework in Frameworks */,
				8E1273951D9D9FD100312789 /* TwitterKit.framework in Frameworks */,
			);
			runOnlyForDeploymentPostprocessing = 0;
		};
		BFC8546D1D81F6F2003E70CA /* Frameworks */ = {
			isa = PBXFrameworksBuildPhase;
			buildActionMask = 2147483647;
			files = (
			);
			runOnlyForDeploymentPostprocessing = 0;
		};
		BFC854781D81F6F2003E70CA /* Frameworks */ = {
			isa = PBXFrameworksBuildPhase;
			buildActionMask = 2147483647;
			files = (
			);
			runOnlyForDeploymentPostprocessing = 0;
		};
/* End PBXFrameworksBuildPhase section */

/* Begin PBXGroup section */
		BFC854531D81F6F1003E70CA = {
			isa = PBXGroup;
			children = (
				BFC8545E1D81F6F2003E70CA /* Befriend */,
				BFC854731D81F6F2003E70CA /* BefriendTests */,
				BFC8547E1D81F6F2003E70CA /* BefriendUITests */,
				BFC8545D1D81F6F1003E70CA /* Products */,
				8E1273901D9D9FD100312789 /* Fabric.framework */,
				8E1273911D9D9FD100312789 /* TwitterKit.framework */,
				8E1273921D9D9FD100312789 /* TwitterKitResources.bundle */,
				8E1273931D9D9FD100312789 /* TwitterCore.framework */,
			);
			sourceTree = "<group>";
		};
		BFC8545D1D81F6F1003E70CA /* Products */ = {
			isa = PBXGroup;
			children = (
				BFC8545C1D81F6F1003E70CA /* Befriend.app */,
				BFC854701D81F6F2003E70CA /* BefriendTests.xctest */,
				BFC8547B1D81F6F2003E70CA /* BefriendUITests.xctest */,
			);
			name = Products;
			sourceTree = "<group>";
		};
		BFC8545E1D81F6F2003E70CA /* Befriend */ = {
			isa = PBXGroup;
			children = (
				BF2BC8981DD503F3005E4DE0 /* FriendsViewController.swift */,
				BF2BC89A1DD5087B005E4DE0 /* FriendCell.swift */,
				BF2BC89C1DD50B52005E4DE0 /* Friends.swift */,
				BFC8545F1D81F6F2003E70CA /* AppDelegate.swift */,
				BF7E39121DD018EE00E42B1F /* MainViewController.swift */,
				BF3B2A051DD0F0BA00C73FAE /* BefriendLoginViewController.swift */,
				BFA851621DD267BB0079BD50 /* BefriendSignupViewController.swift */,
				BF0D7DB41D9AF122005CECEF /* LoginViewController.swift */,
				BFC854661D81F6F2003E70CA /* Assets.xcassets */,
				BFC854631D81F6F2003E70CA /* Main.storyboard */,
				BFC854681D81F6F2003E70CA /* LaunchScreen.storyboard */,
				8E2944C41DB009270006AD6F /* InstaWrapper.swift */,
				BFAC8DB51D9857FE007BB807 /* FacebookWrapper.swift */,
				8E05CD4E1D9B07CA006837A5 /* TwitterWrapper.swift */,
				BF944BDF1DC692F000A74D40 /* PinterestWrapper.swift */,
				8EA6E18A1DB6B1220016C923 /* SpotifyWrapper.swift */,
				BF827C421DA3131A00E00FFF /* LinkedinWrapper.swift */,
				BF220B7E1D9ECB2800CCFE4D /* MetaSession.swift */,
				BFC8546B1D81F6F2003E70CA /* Info.plist */,
				BFE83F171DB011BE00B42A61 /* OAuthSwift.xcodeproj */,
				BFE17B221D99CE380096DBFB /* Bolts.framework */,
				BFE17B1A1D99C0080096DBFB /* FBSDKCoreKit.framework */,
				BFE17B1B1D99C0080096DBFB /* FBSDKLoginKit.framework */,
				BFE17B1C1D99C0080096DBFB /* FBSDKShareKit.framework */,
			);
			path = Befriend;
			sourceTree = "<group>";
		};
		BFC854731D81F6F2003E70CA /* BefriendTests */ = {
			isa = PBXGroup;
			children = (
				BFC854741D81F6F2003E70CA /* BefriendTests.swift */,
				BFC854761D81F6F2003E70CA /* Info.plist */,
			);
			path = BefriendTests;
			sourceTree = "<group>";
		};
		BFC8547E1D81F6F2003E70CA /* BefriendUITests */ = {
			isa = PBXGroup;
			children = (
				BFC8547F1D81F6F2003E70CA /* BefriendUITests.swift */,
				BFC854811D81F6F2003E70CA /* Info.plist */,
			);
			path = BefriendUITests;
			sourceTree = "<group>";
		};
		BFE83F181DB011BE00B42A61 /* Products */ = {
			isa = PBXGroup;
			children = (
				BFE83F221DB011BF00B42A61 /* OAuthSwift.framework */,
				BFE83F241DB011BF00B42A61 /* OAuthSwiftDemo.app */,
				BFE83F261DB011BF00B42A61 /* OAuthSwift.framework */,
				BFE83F281DB011BF00B42A61 /* OAuthSwiftOSXDemo.app */,
				BFE83F2A1DB011BF00B42A61 /* OAuthSwift.framework */,
				BFE83F2C1DB011BF00B42A61 /* OAuthSwift.framework */,
				BFE83F2E1DB011BF00B42A61 /* OAuthSwiftTests.xctest */,
			);
			name = Products;
			sourceTree = "<group>";
		};
/* End PBXGroup section */

/* Begin PBXNativeTarget section */
		BFC8545B1D81F6F1003E70CA /* Befriend */ = {
			isa = PBXNativeTarget;
			buildConfigurationList = BFC854841D81F6F2003E70CA /* Build configuration list for PBXNativeTarget "Befriend" */;
			buildPhases = (
				BFC854581D81F6F1003E70CA /* Sources */,
				BFC854591D81F6F1003E70CA /* Frameworks */,
				BFC8545A1D81F6F1003E70CA /* Resources */,
				8E12738F1D9D9F5C00312789 /* ShellScript */,
			);
			buildRules = (
			);
			dependencies = (
				BFE5FB2E1DB41765009C5022 /* PBXTargetDependency */,
			);
			name = Befriend;
			productName = Befriend;
			productReference = BFC8545C1D81F6F1003E70CA /* Befriend.app */;
			productType = "com.apple.product-type.application";
		};
		BFC8546F1D81F6F2003E70CA /* BefriendTests */ = {
			isa = PBXNativeTarget;
			buildConfigurationList = BFC854871D81F6F2003E70CA /* Build configuration list for PBXNativeTarget "BefriendTests" */;
			buildPhases = (
				BFC8546C1D81F6F2003E70CA /* Sources */,
				BFC8546D1D81F6F2003E70CA /* Frameworks */,
				BFC8546E1D81F6F2003E70CA /* Resources */,
			);
			buildRules = (
			);
			dependencies = (
				BFC854721D81F6F2003E70CA /* PBXTargetDependency */,
			);
			name = BefriendTests;
			productName = BefriendTests;
			productReference = BFC854701D81F6F2003E70CA /* BefriendTests.xctest */;
			productType = "com.apple.product-type.bundle.unit-test";
		};
		BFC8547A1D81F6F2003E70CA /* BefriendUITests */ = {
			isa = PBXNativeTarget;
			buildConfigurationList = BFC8548A1D81F6F2003E70CA /* Build configuration list for PBXNativeTarget "BefriendUITests" */;
			buildPhases = (
				BFC854771D81F6F2003E70CA /* Sources */,
				BFC854781D81F6F2003E70CA /* Frameworks */,
				BFC854791D81F6F2003E70CA /* Resources */,
			);
			buildRules = (
			);
			dependencies = (
				BFC8547D1D81F6F2003E70CA /* PBXTargetDependency */,
			);
			name = BefriendUITests;
			productName = BefriendUITests;
			productReference = BFC8547B1D81F6F2003E70CA /* BefriendUITests.xctest */;
			productType = "com.apple.product-type.bundle.ui-testing";
		};
/* End PBXNativeTarget section */

/* Begin PBXProject section */
		BFC854541D81F6F1003E70CA /* Project object */ = {
			isa = PBXProject;
			attributes = {
				LastSwiftUpdateCheck = 0730;
				LastUpgradeCheck = 0810;
				ORGANIZATIONNAME = MisMattia;
				TargetAttributes = {
					BFC8545B1D81F6F1003E70CA = {
						CreatedOnToolsVersion = 7.3.1;
						LastSwiftMigration = 0810;
					};
					BFC8546F1D81F6F2003E70CA = {
						CreatedOnToolsVersion = 7.3.1;
						LastSwiftMigration = 0810;
						TestTargetID = BFC8545B1D81F6F1003E70CA;
					};
					BFC8547A1D81F6F2003E70CA = {
						CreatedOnToolsVersion = 7.3.1;
						LastSwiftMigration = 0810;
						TestTargetID = BFC8545B1D81F6F1003E70CA;
					};
				};
			};
			buildConfigurationList = BFC854571D81F6F1003E70CA /* Build configuration list for PBXProject "Befriend" */;
			compatibilityVersion = "Xcode 3.2";
			developmentRegion = English;
			hasScannedForEncodings = 0;
			knownRegions = (
				en,
				Base,
			);
			mainGroup = BFC854531D81F6F1003E70CA;
			productRefGroup = BFC8545D1D81F6F1003E70CA /* Products */;
			projectDirPath = "";
			projectReferences = (
				{
					ProductGroup = BFE83F181DB011BE00B42A61 /* Products */;
					ProjectRef = BFE83F171DB011BE00B42A61 /* OAuthSwift.xcodeproj */;
				},
			);
			projectRoot = "";
			targets = (
				BFC8545B1D81F6F1003E70CA /* Befriend */,
				BFC8546F1D81F6F2003E70CA /* BefriendTests */,
				BFC8547A1D81F6F2003E70CA /* BefriendUITests */,
			);
		};
/* End PBXProject section */

/* Begin PBXReferenceProxy section */
		BFE83F221DB011BF00B42A61 /* OAuthSwift.framework */ = {
			isa = PBXReferenceProxy;
			fileType = wrapper.framework;
			path = OAuthSwift.framework;
			remoteRef = BFE83F211DB011BF00B42A61 /* PBXContainerItemProxy */;
			sourceTree = BUILT_PRODUCTS_DIR;
		};
		BFE83F241DB011BF00B42A61 /* OAuthSwiftDemo.app */ = {
			isa = PBXReferenceProxy;
			fileType = wrapper.application;
			path = OAuthSwiftDemo.app;
			remoteRef = BFE83F231DB011BF00B42A61 /* PBXContainerItemProxy */;
			sourceTree = BUILT_PRODUCTS_DIR;
		};
		BFE83F261DB011BF00B42A61 /* OAuthSwift.framework */ = {
			isa = PBXReferenceProxy;
			fileType = wrapper.framework;
			path = OAuthSwift.framework;
			remoteRef = BFE83F251DB011BF00B42A61 /* PBXContainerItemProxy */;
			sourceTree = BUILT_PRODUCTS_DIR;
		};
		BFE83F281DB011BF00B42A61 /* OAuthSwiftOSXDemo.app */ = {
			isa = PBXReferenceProxy;
			fileType = wrapper.application;
			path = OAuthSwiftOSXDemo.app;
			remoteRef = BFE83F271DB011BF00B42A61 /* PBXContainerItemProxy */;
			sourceTree = BUILT_PRODUCTS_DIR;
		};
		BFE83F2A1DB011BF00B42A61 /* OAuthSwift.framework */ = {
			isa = PBXReferenceProxy;
			fileType = wrapper.framework;
			path = OAuthSwift.framework;
			remoteRef = BFE83F291DB011BF00B42A61 /* PBXContainerItemProxy */;
			sourceTree = BUILT_PRODUCTS_DIR;
		};
		BFE83F2C1DB011BF00B42A61 /* OAuthSwift.framework */ = {
			isa = PBXReferenceProxy;
			fileType = wrapper.framework;
			path = OAuthSwift.framework;
			remoteRef = BFE83F2B1DB011BF00B42A61 /* PBXContainerItemProxy */;
			sourceTree = BUILT_PRODUCTS_DIR;
		};
		BFE83F2E1DB011BF00B42A61 /* OAuthSwiftTests.xctest */ = {
			isa = PBXReferenceProxy;
			fileType = wrapper.cfbundle;
			path = OAuthSwiftTests.xctest;
			remoteRef = BFE83F2D1DB011BF00B42A61 /* PBXContainerItemProxy */;
			sourceTree = BUILT_PRODUCTS_DIR;
		};
/* End PBXReferenceProxy section */

/* Begin PBXResourcesBuildPhase section */
		BFC8545A1D81F6F1003E70CA /* Resources */ = {
			isa = PBXResourcesBuildPhase;
			buildActionMask = 2147483647;
			files = (
				8E1273961D9D9FD100312789 /* TwitterKitResources.bundle in Resources */,
				BFC8546A1D81F6F2003E70CA /* LaunchScreen.storyboard in Resources */,
				BFC854671D81F6F2003E70CA /* Assets.xcassets in Resources */,
				BFC854651D81F6F2003E70CA /* Main.storyboard in Resources */,
			);
			runOnlyForDeploymentPostprocessing = 0;
		};
		BFC8546E1D81F6F2003E70CA /* Resources */ = {
			isa = PBXResourcesBuildPhase;
			buildActionMask = 2147483647;
			files = (
			);
			runOnlyForDeploymentPostprocessing = 0;
		};
		BFC854791D81F6F2003E70CA /* Resources */ = {
			isa = PBXResourcesBuildPhase;
			buildActionMask = 2147483647;
			files = (
			);
			runOnlyForDeploymentPostprocessing = 0;
		};
/* End PBXResourcesBuildPhase section */

/* Begin PBXShellScriptBuildPhase section */
		8E12738F1D9D9F5C00312789 /* ShellScript */ = {
			isa = PBXShellScriptBuildPhase;
			buildActionMask = 2147483647;
			files = (
			);
			inputPaths = (
			);
			outputPaths = (
			);
			runOnlyForDeploymentPostprocessing = 0;
			shellPath = /bin/sh;
			shellScript = "./Fabric.framework/run 6a8cee2fcb55e153d0236bb51ffba6b504a63de4 08df285c3163d5c23da3e28f8a85d85ca38698f78e9c58d065a0db82dadd87ba";
		};
/* End PBXShellScriptBuildPhase section */

/* Begin PBXSourcesBuildPhase section */
		BFC854581D81F6F1003E70CA /* Sources */ = {
			isa = PBXSourcesBuildPhase;
			buildActionMask = 2147483647;
			files = (
				BF220B7F1D9ECB2800CCFE4D /* MetaSession.swift in Sources */,
				BF0D7DB51D9AF122005CECEF /* LoginViewController.swift in Sources */,
				BF2BC8991DD503F3005E4DE0 /* FriendsViewController.swift in Sources */,
				BFC854601D81F6F2003E70CA /* AppDelegate.swift in Sources */,
				8E2944C51DB009270006AD6F /* InstaWrapper.swift in Sources */,
				BFAC8DB61D9857FE007BB807 /* FacebookWrapper.swift in Sources */,
				8E05CD4F1D9B07CA006837A5 /* TwitterWrapper.swift in Sources */,
				BF2BC89B1DD5087B005E4DE0 /* FriendCell.swift in Sources */,
				8EA6E18B1DB6B1220016C923 /* SpotifyWrapper.swift in Sources */,
				BF827C431DA3131A00E00FFF /* LinkedinWrapper.swift in Sources */,
				BF944BE01DC692F000A74D40 /* PinterestWrapper.swift in Sources */,
				BFA851631DD267BB0079BD50 /* BefriendSignupViewController.swift in Sources */,
				BF7E39131DD018EE00E42B1F /* MainViewController.swift in Sources */,
				BF2BC89D1DD50B52005E4DE0 /* Friends.swift in Sources */,
				BF3B2A061DD0F0BA00C73FAE /* BefriendLoginViewController.swift in Sources */,
			);
			runOnlyForDeploymentPostprocessing = 0;
		};
		BFC8546C1D81F6F2003E70CA /* Sources */ = {
			isa = PBXSourcesBuildPhase;
			buildActionMask = 2147483647;
			files = (
				BFC854751D81F6F2003E70CA /* BefriendTests.swift in Sources */,
			);
			runOnlyForDeploymentPostprocessing = 0;
		};
		BFC854771D81F6F2003E70CA /* Sources */ = {
			isa = PBXSourcesBuildPhase;
			buildActionMask = 2147483647;
			files = (
				BFC854801D81F6F2003E70CA /* BefriendUITests.swift in Sources */,
			);
			runOnlyForDeploymentPostprocessing = 0;
		};
/* End PBXSourcesBuildPhase section */

/* Begin PBXTargetDependency section */
		BFC854721D81F6F2003E70CA /* PBXTargetDependency */ = {
			isa = PBXTargetDependency;
			target = BFC8545B1D81F6F1003E70CA /* Befriend */;
			targetProxy = BFC854711D81F6F2003E70CA /* PBXContainerItemProxy */;
		};
		BFC8547D1D81F6F2003E70CA /* PBXTargetDependency */ = {
			isa = PBXTargetDependency;
			target = BFC8545B1D81F6F1003E70CA /* Befriend */;
			targetProxy = BFC8547C1D81F6F2003E70CA /* PBXContainerItemProxy */;
		};
		BFE5FB2E1DB41765009C5022 /* PBXTargetDependency */ = {
			isa = PBXTargetDependency;
			name = OAuthSwift;
			targetProxy = BFE5FB2D1DB41765009C5022 /* PBXContainerItemProxy */;
		};
/* End PBXTargetDependency section */

/* Begin PBXVariantGroup section */
		BFC854631D81F6F2003E70CA /* Main.storyboard */ = {
			isa = PBXVariantGroup;
			children = (
				BFC854641D81F6F2003E70CA /* Base */,
			);
			name = Main.storyboard;
			sourceTree = "<group>";
		};
		BFC854681D81F6F2003E70CA /* LaunchScreen.storyboard */ = {
			isa = PBXVariantGroup;
			children = (
				BFC854691D81F6F2003E70CA /* Base */,
			);
			name = LaunchScreen.storyboard;
			sourceTree = "<group>";
		};
/* End PBXVariantGroup section */

/* Begin XCBuildConfiguration section */
		BFC854821D81F6F2003E70CA /* Debug */ = {
			isa = XCBuildConfiguration;
			buildSettings = {
				ALWAYS_SEARCH_USER_PATHS = NO;
				CLANG_ANALYZER_NONNULL = YES;
				CLANG_CXX_LANGUAGE_STANDARD = "gnu++0x";
				CLANG_CXX_LIBRARY = "libc++";
				CLANG_ENABLE_MODULES = YES;
				CLANG_ENABLE_OBJC_ARC = YES;
				CLANG_WARN_BOOL_CONVERSION = YES;
				CLANG_WARN_CONSTANT_CONVERSION = YES;
				CLANG_WARN_DIRECT_OBJC_ISA_USAGE = YES_ERROR;
				CLANG_WARN_EMPTY_BODY = YES;
				CLANG_WARN_ENUM_CONVERSION = YES;
				CLANG_WARN_INFINITE_RECURSION = YES;
				CLANG_WARN_INT_CONVERSION = YES;
				CLANG_WARN_OBJC_ROOT_CLASS = YES_ERROR;
				CLANG_WARN_SUSPICIOUS_MOVE = YES;
				CLANG_WARN_UNREACHABLE_CODE = YES;
				CLANG_WARN__DUPLICATE_METHOD_MATCH = YES;
				"CODE_SIGN_IDENTITY[sdk=iphoneos*]" = "iPhone Developer";
				COPY_PHASE_STRIP = NO;
				DEBUG_INFORMATION_FORMAT = dwarf;
				ENABLE_STRICT_OBJC_MSGSEND = YES;
				ENABLE_TESTABILITY = YES;
				GCC_C_LANGUAGE_STANDARD = gnu99;
				GCC_DYNAMIC_NO_PIC = NO;
				GCC_NO_COMMON_BLOCKS = YES;
				GCC_OPTIMIZATION_LEVEL = 0;
				GCC_PREPROCESSOR_DEFINITIONS = (
					"DEBUG=1",
					"$(inherited)",
				);
				GCC_WARN_64_TO_32_BIT_CONVERSION = YES;
				GCC_WARN_ABOUT_RETURN_TYPE = YES_ERROR;
				GCC_WARN_UNDECLARED_SELECTOR = YES;
				GCC_WARN_UNINITIALIZED_AUTOS = YES_AGGRESSIVE;
				GCC_WARN_UNUSED_FUNCTION = YES;
				GCC_WARN_UNUSED_VARIABLE = YES;
				IPHONEOS_DEPLOYMENT_TARGET = 9.3;
				MTL_ENABLE_DEBUG_INFO = YES;
				ONLY_ACTIVE_ARCH = YES;
				SDKROOT = iphoneos;
				SWIFT_OBJC_BRIDGING_HEADER = "Befriend/Bridging-Header.h";
				SWIFT_OPTIMIZATION_LEVEL = "-Onone";
			};
			name = Debug;
		};
		BFC854831D81F6F2003E70CA /* Release */ = {
			isa = XCBuildConfiguration;
			buildSettings = {
				ALWAYS_SEARCH_USER_PATHS = NO;
				CLANG_ANALYZER_NONNULL = YES;
				CLANG_CXX_LANGUAGE_STANDARD = "gnu++0x";
				CLANG_CXX_LIBRARY = "libc++";
				CLANG_ENABLE_MODULES = YES;
				CLANG_ENABLE_OBJC_ARC = YES;
				CLANG_WARN_BOOL_CONVERSION = YES;
				CLANG_WARN_CONSTANT_CONVERSION = YES;
				CLANG_WARN_DIRECT_OBJC_ISA_USAGE = YES_ERROR;
				CLANG_WARN_EMPTY_BODY = YES;
				CLANG_WARN_ENUM_CONVERSION = YES;
				CLANG_WARN_INFINITE_RECURSION = YES;
				CLANG_WARN_INT_CONVERSION = YES;
				CLANG_WARN_OBJC_ROOT_CLASS = YES_ERROR;
				CLANG_WARN_SUSPICIOUS_MOVE = YES;
				CLANG_WARN_UNREACHABLE_CODE = YES;
				CLANG_WARN__DUPLICATE_METHOD_MATCH = YES;
				"CODE_SIGN_IDENTITY[sdk=iphoneos*]" = "iPhone Developer";
				COPY_PHASE_STRIP = NO;
				DEBUG_INFORMATION_FORMAT = "dwarf-with-dsym";
				ENABLE_NS_ASSERTIONS = NO;
				ENABLE_STRICT_OBJC_MSGSEND = YES;
				GCC_C_LANGUAGE_STANDARD = gnu99;
				GCC_NO_COMMON_BLOCKS = YES;
				GCC_WARN_64_TO_32_BIT_CONVERSION = YES;
				GCC_WARN_ABOUT_RETURN_TYPE = YES_ERROR;
				GCC_WARN_UNDECLARED_SELECTOR = YES;
				GCC_WARN_UNINITIALIZED_AUTOS = YES_AGGRESSIVE;
				GCC_WARN_UNUSED_FUNCTION = YES;
				GCC_WARN_UNUSED_VARIABLE = YES;
				IPHONEOS_DEPLOYMENT_TARGET = 9.3;
				MTL_ENABLE_DEBUG_INFO = NO;
				SDKROOT = iphoneos;
				SWIFT_OBJC_BRIDGING_HEADER = "Befriend/Bridging-Header.h";
				SWIFT_OPTIMIZATION_LEVEL = "-Owholemodule";
				VALIDATE_PRODUCT = YES;
			};
			name = Release;
		};
		BFC854851D81F6F2003E70CA /* Debug */ = {
			isa = XCBuildConfiguration;
			buildSettings = {
				ASSETCATALOG_COMPILER_APPICON_NAME = AppIcon;
				DEBUG_INFORMATION_FORMAT = "dwarf-with-dsym";
				FRAMEWORK_SEARCH_PATHS = (
					"$(inherited)",
					"$(PROJECT_DIR)/Befriend/Frameworks",
					"$(PROJECT_DIR)",
				);
				INFOPLIST_FILE = Befriend/Info.plist;
				LD_RUNPATH_SEARCH_PATHS = "$(inherited) @executable_path/Frameworks";
				PRODUCT_BUNDLE_IDENTIFIER = mizmattia.Befriend;
				PRODUCT_NAME = "$(TARGET_NAME)";
				SWIFT_OBJC_BRIDGING_HEADER = "";
				SWIFT_OPTIMIZATION_LEVEL = "-Onone";
				SWIFT_VERSION = 3.0;
			};
			name = Debug;
		};
		BFC854861D81F6F2003E70CA /* Release */ = {
			isa = XCBuildConfiguration;
			buildSettings = {
				ASSETCATALOG_COMPILER_APPICON_NAME = AppIcon;
				DEBUG_INFORMATION_FORMAT = "dwarf-with-dsym";
				FRAMEWORK_SEARCH_PATHS = (
					"$(inherited)",
					"$(PROJECT_DIR)/Befriend/Frameworks",
					"$(PROJECT_DIR)",
				);
				INFOPLIST_FILE = Befriend/Info.plist;
				LD_RUNPATH_SEARCH_PATHS = "$(inherited) @executable_path/Frameworks";
				PRODUCT_BUNDLE_IDENTIFIER = mizmattia.Befriend;
				PRODUCT_NAME = "$(TARGET_NAME)";
				SWIFT_OBJC_BRIDGING_HEADER = "";
				SWIFT_OPTIMIZATION_LEVEL = "-Owholemodule";
				SWIFT_VERSION = 3.0;
			};
			name = Release;
		};
		BFC854881D81F6F2003E70CA /* Debug */ = {
			isa = XCBuildConfiguration;
			buildSettings = {
				BUNDLE_LOADER = "$(TEST_HOST)";
				INFOPLIST_FILE = BefriendTests/Info.plist;
				LD_RUNPATH_SEARCH_PATHS = "$(inherited) @executable_path/Frameworks @loader_path/Frameworks";
				PRODUCT_BUNDLE_IDENTIFIER = mismattia.BefriendTests;
				PRODUCT_NAME = "$(TARGET_NAME)";
				SWIFT_VERSION = 3.0;
				TEST_HOST = "$(BUILT_PRODUCTS_DIR)/Befriend.app/Befriend";
			};
			name = Debug;
		};
		BFC854891D81F6F2003E70CA /* Release */ = {
			isa = XCBuildConfiguration;
			buildSettings = {
				BUNDLE_LOADER = "$(TEST_HOST)";
				INFOPLIST_FILE = BefriendTests/Info.plist;
				LD_RUNPATH_SEARCH_PATHS = "$(inherited) @executable_path/Frameworks @loader_path/Frameworks";
				PRODUCT_BUNDLE_IDENTIFIER = mismattia.BefriendTests;
				PRODUCT_NAME = "$(TARGET_NAME)";
				SWIFT_VERSION = 3.0;
				TEST_HOST = "$(BUILT_PRODUCTS_DIR)/Befriend.app/Befriend";
			};
			name = Release;
		};
		BFC8548B1D81F6F2003E70CA /* Debug */ = {
			isa = XCBuildConfiguration;
			buildSettings = {
				INFOPLIST_FILE = BefriendUITests/Info.plist;
				LD_RUNPATH_SEARCH_PATHS = "$(inherited) @executable_path/Frameworks @loader_path/Frameworks";
				PRODUCT_BUNDLE_IDENTIFIER = mismattia.BefriendUITests;
				PRODUCT_NAME = "$(TARGET_NAME)";
				SWIFT_VERSION = 3.0;
				TEST_TARGET_NAME = Befriend;
			};
			name = Debug;
		};
		BFC8548C1D81F6F2003E70CA /* Release */ = {
			isa = XCBuildConfiguration;
			buildSettings = {
				INFOPLIST_FILE = BefriendUITests/Info.plist;
				LD_RUNPATH_SEARCH_PATHS = "$(inherited) @executable_path/Frameworks @loader_path/Frameworks";
				PRODUCT_BUNDLE_IDENTIFIER = mismattia.BefriendUITests;
				PRODUCT_NAME = "$(TARGET_NAME)";
				SWIFT_VERSION = 3.0;
				TEST_TARGET_NAME = Befriend;
			};
			name = Release;
		};
/* End XCBuildConfiguration section */

/* Begin XCConfigurationList section */
		BFC854571D81F6F1003E70CA /* Build configuration list for PBXProject "Befriend" */ = {
			isa = XCConfigurationList;
			buildConfigurations = (
				BFC854821D81F6F2003E70CA /* Debug */,
				BFC854831D81F6F2003E70CA /* Release */,
			);
			defaultConfigurationIsVisible = 0;
			defaultConfigurationName = Release;
		};
		BFC854841D81F6F2003E70CA /* Build configuration list for PBXNativeTarget "Befriend" */ = {
			isa = XCConfigurationList;
			buildConfigurations = (
				BFC854851D81F6F2003E70CA /* Debug */,
				BFC854861D81F6F2003E70CA /* Release */,
			);
			defaultConfigurationIsVisible = 0;
			defaultConfigurationName = Release;
		};
		BFC854871D81F6F2003E70CA /* Build configuration list for PBXNativeTarget "BefriendTests" */ = {
			isa = XCConfigurationList;
			buildConfigurations = (
				BFC854881D81F6F2003E70CA /* Debug */,
				BFC854891D81F6F2003E70CA /* Release */,
			);
			defaultConfigurationIsVisible = 0;
			defaultConfigurationName = Release;
		};
		BFC8548A1D81F6F2003E70CA /* Build configuration list for PBXNativeTarget "BefriendUITests" */ = {
			isa = XCConfigurationList;
			buildConfigurations = (
				BFC8548B1D81F6F2003E70CA /* Debug */,
				BFC8548C1D81F6F2003E70CA /* Release */,
			);
			defaultConfigurationIsVisible = 0;
			defaultConfigurationName = Release;
		};
/* End XCConfigurationList section */
	};
	rootObject = BFC854541D81F6F1003E70CA /* Project object */;
}
